{
    "_meta": {
        "hash": {
            "sha256": "cf1cec3647a826902a7d623be1b8e857f692c2cfb98cc611588098d4b32b55a8"
        },
        "pipfile-spec": 6,
        "requires": {
            "python_version": "3.6"
        },
        "sources": [
            {
                "name": "pypi",
                "url": "https://pypi.org/simple",
                "verify_ssl": true
            }
        ]
    },
    "default": {
        "airbrake": {
            "hashes": [
                "sha256:08f7d47d66b4d54f37f213daf216556c64fd953bcf4064b402ba3bb1a6fda6dc"
            ],
            "index": "pypi",
            "version": "==2.1.0"
        },
        "asyncpg": {
            "hashes": [
                "sha256:070322c9359cf47bc021b26773ae8a924b96a182c367e3afaca54f4f019e6a4e",
                "sha256:1c634a01196c77377e9c7a6cd405e2f469cbc9aeb5b9152493cd43538fdd6811",
                "sha256:29bd3d58a555bbb948aabaa7cb74fbf3db316d72e24628f9e44ac15a4b9b3408",
                "sha256:46f30bf77674db4aa0b7791b3168d18f89ae5fffb2b1f46dcddc988739c872d8",
                "sha256:50440a7d84999ba4bb9e254788fab7db2f6b4a90b889a927f93daef9a7686dfa",
                "sha256:5a0c74a2afe97a07f3b3179ccd8af52ba6650551ea350160d5ed20a101be4738",
                "sha256:7a00d116f6420f5a719b8d5811bb048bad1a6edadcc6ee6ccfd05b794c9b8408",
                "sha256:8aeabe78ff797e08ba8d02aa0b2b675fe9231287453d5e034ec219335d4509c7",
                "sha256:90ee5c3284c52eb7ac9b1655b22a7a2dd11237462ecd4549afa08c89f8c75e64",
                "sha256:9c02e4982694d9f01beae6f105bced457a9aab68126ae802a796a21405f121e9",
                "sha256:b61ac7418d7a801773d1a7a5d30be6af3721121dce5d5ac74f7d997241a09a30",
                "sha256:bd1c530805e506a29d659922c975fe4576ce2759533feb297ac6d43218def14b",
                "sha256:bdf6cba9d34c64fd40fd02d36730305d82d8e242c53f22674e8e24e3123402be",
                "sha256:dd495d931b42f21cbb0e8bb953576046faa4ba03bf0f952a6dcb4eba29d873e8",
                "sha256:e1e8220e22445dee16156abe435ad56202a440605898e47c1b873596e0db4a0b",
                "sha256:ff70bfb549d73493c83c242001fff97b00ccf402c58c90cfe12ccb58f842838e"
            ],
            "index": "pypi",
            "version": "==0.18.1"
        },
        "certifi": {
            "hashes": [
                "sha256:339dc09518b07e2fa7eda5450740925974815557727d6bd35d319c1524a04a4c",
                "sha256:6d58c986d22b038c8c0df30d639f23a3e6d172a05c3583e766f4c0b785c0986a"
            ],
            "version": "==2018.10.15"
        },
        "chardet": {
            "hashes": [
                "sha256:84ab92ed1c4d4f16916e05906b6b75a6c0fb5db821cc65e70cbd64a3e2a5eaae",
                "sha256:fc323ffcaeaed0e0a02bf4d117757b98aed530d9ed4531e3e15460124c106691"
            ],
            "version": "==3.0.4"
        },
        "discord-py": {
            "git": "https://github.com/Rapptz/discord.py",
            "ref": "860d6a9ace8248dfeec18b8b159e7b757d9f56bb"
        },
        "discord.py": {
            "git": "https://github.com/Rapptz/discord.py",
            "ref": "rewrite"
        },
        "idna": {
            "hashes": [
                "sha256:156a6814fb5ac1fc6850fb002e0852d56c0c8d2531923a51032d1b70760e186e",
                "sha256:684a38a6f903c1d71d6d5fac066b58d7768af4de2b832e426ec79c30daa94a16"
            ],
            "version": "==2.7"
        },
        "pbwrap": {
            "hashes": [
                "sha256:4b4fc1313d9f2ee5b81ea6409a816796a17b0ea3ba245979df74829fefa814d1",
                "sha256:ff07d50f06baf0041b45f2057b15e000eae9d56562f806fa583a067c14058da8"
            ],
            "index": "pypi",
            "version": "==1.1.0"
        },
        "requests": {
            "hashes": [
                "sha256:65b3a120e4329e33c9889db89c80976c5272f56ea92d3e74da8a463992e3ff54",
                "sha256:ea881206e59f41dbd0bd445437d792e43906703fff75ca8ff43ccdb11f33f263"
            ],
            "version": "==2.20.1"
        },
        "urllib3": {
            "hashes": [
                "sha256:61bf29cada3fc2fbefad4fdf059ea4bd1b4a86d2b6d15e1c7c0b582b9752fe39",
                "sha256:de9529817c93f27c8ccbfead6985011db27bd0ddfcdb2d86f3f663385c6a9c22"
            ],
            "version": "==1.24.1"
        }
    },
    "develop": {}
}
